
Microsoft Visual Studio Solution File, Format Version 12.00
# Visual Studio 15
VisualStudioVersion = 15.0.25807.0
MinimumVisualStudioVersion = 10.0.40219.1
Project("{2150E333-8FDC-42A3-9474-1A3956D46DE8}") = "Engine", "Engine", "{703B14A6-3675-419E-A426-7CC17B0F41F2}"
EndProject
Project("{2150E333-8FDC-42A3-9474-1A3956D46DE8}") = "Games", "Games", "{8AE0E460-B0B2-48DF-94BE-2E8D7D914535}"
EndProject
Project("{8BC9CEB8-8B4A-11D0-8D11-00A0C91BC942}") = "UE4", "Intermediate\ProjectFiles\UE4.vcxproj", "{8E6871B5-E23F-425A-BC2B-9A699DA2751A}"
EndProject
Project("{8BC9CEB8-8B4A-11D0-8D11-00A0C91BC942}") = "MyProjectCpp", "Intermediate\ProjectFiles\MyProjectCpp.vcxproj", "{08F62483-B40E-4896-A0A9-2641417DAF27}"
EndProject
Project("{2150E333-8FDC-42A3-9474-1A3956D46DE8}") = "Visualizers", "Visualizers", "{8621E71F-F7E9-4988-A3A0-BBA06C8FB37D}"
	ProjectSection(SolutionItems) = preProject
		D:\Program Files\Epic Games\UE_4.22\Engine\Extras\VisualStudioDebugging\UE4.natvis = D:\Program Files\Epic Games\UE_4.22\Engine\Extras\VisualStudioDebugging\UE4.natvis
	EndProjectSection
EndProject
Global
	GlobalSection(SolutionConfigurationPlatforms) = preSolution
		DebugGame Editor|HTML5 = DebugGame Editor|HTML5
		DebugGame Editor|Win32 = DebugGame Editor|Win32
		DebugGame Editor|Win64 = DebugGame Editor|Win64
		DebugGame|HTML5 = DebugGame|HTML5
		DebugGame|Win32 = DebugGame|Win32
		DebugGame|Win64 = DebugGame|Win64
		Development Editor|HTML5 = Development Editor|HTML5
		Development Editor|Win32 = Development Editor|Win32
		Development Editor|Win64 = Development Editor|Win64
		Development|HTML5 = Development|HTML5
		Development|Win32 = Development|Win32
		Development|Win64 = Development|Win64
		Shipping|HTML5 = Shipping|HTML5
		Shipping|Win32 = Shipping|Win32
		Shipping|Win64 = Shipping|Win64
	EndGlobalSection
	GlobalSection(ProjectConfigurationPlatforms) = postSolution
		{8E6871B5-E23F-425A-BC2B-9A699DA2751A}.DebugGame Editor|HTML5.ActiveCfg = BuiltWithUnrealBuildTool|Win32
		{8E6871B5-E23F-425A-BC2B-9A699DA2751A}.DebugGame Editor|Win32.ActiveCfg = BuiltWithUnrealBuildTool|Win32
		{8E6871B5-E23F-425A-BC2B-9A699DA2751A}.DebugGame Editor|Win64.ActiveCfg = BuiltWithUnrealBuildTool|Win32
		{8E6871B5-E23F-425A-BC2B-9A699DA2751A}.DebugGame|HTML5.ActiveCfg = BuiltWithUnrealBuildTool|Win32
		{8E6871B5-E23F-425A-BC2B-9A699DA2751A}.DebugGame|Win32.ActiveCfg = BuiltWithUnrealBuildTool|Win32
		{8E6871B5-E23F-425A-BC2B-9A699DA2751A}.DebugGame|Win64.ActiveCfg = BuiltWithUnrealBuildTool|Win32
		{8E6871B5-E23F-425A-BC2B-9A699DA2751A}.Development Editor|HTML5.ActiveCfg = BuiltWithUnrealBuildTool|Win32
		{8E6871B5-E23F-425A-BC2B-9A699DA2751A}.Development Editor|Win32.ActiveCfg = BuiltWithUnrealBuildTool|Win32
		{8E6871B5-E23F-425A-BC2B-9A699DA2751A}.Development Editor|Win64.ActiveCfg = BuiltWithUnrealBuildTool|Win32
		{8E6871B5-E23F-425A-BC2B-9A699DA2751A}.Development|HTML5.ActiveCfg = BuiltWithUnrealBuildTool|Win32
		{8E6871B5-E23F-425A-BC2B-9A699DA2751A}.Development|Win32.ActiveCfg = BuiltWithUnrealBuildTool|Win32
		{8E6871B5-E23F-425A-BC2B-9A699DA2751A}.Development|Win64.ActiveCfg = BuiltWithUnrealBuildTool|Win32
		{8E6871B5-E23F-425A-BC2B-9A699DA2751A}.Shipping|HTML5.ActiveCfg = BuiltWithUnrealBuildTool|Win32
		{8E6871B5-E23F-425A-BC2B-9A699DA2751A}.Shipping|Win32.ActiveCfg = BuiltWithUnrealBuildTool|Win32
		{8E6871B5-E23F-425A-BC2B-9A699DA2751A}.Shipping|Win64.ActiveCfg = BuiltWithUnrealBuildTool|Win32
		{08F62483-B40E-4896-A0A9-2641417DAF27}.DebugGame Editor|HTML5.ActiveCfg = Invalid|Win32
		{08F62483-B40E-4896-A0A9-2641417DAF27}.DebugGame Editor|Win32.ActiveCfg = Invalid|Win32
		{08F62483-B40E-4896-A0A9-2641417DAF27}.DebugGame Editor|Win64.ActiveCfg = DebugGame_Editor|x64
		{08F62483-B40E-4896-A0A9-2641417DAF27}.DebugGame Editor|Win64.Build.0 = DebugGame_Editor|x64
		{08F62483-B40E-4896-A0A9-2641417DAF27}.DebugGame|HTML5.ActiveCfg = HTML5_DebugGame|Win32
		{08F62483-B40E-4896-A0A9-2641417DAF27}.DebugGame|HTML5.Build.0 = HTML5_DebugGame|Win32
		{08F62483-B40E-4896-A0A9-2641417DAF27}.DebugGame|Win32.ActiveCfg = DebugGame|Win32
		{08F62483-B40E-4896-A0A9-2641417DAF27}.DebugGame|Win32.Build.0 = DebugGame|Win32
		{08F62483-B40E-4896-A0A9-2641417DAF27}.DebugGame|Win64.ActiveCfg = DebugGame|x64
		{08F62483-B40E-4896-A0A9-2641417DAF27}.DebugGame|Win64.Build.0 = DebugGame|x64
		{08F62483-B40E-4896-A0A9-2641417DAF27}.Development Editor|HTML5.ActiveCfg = Invalid|Win32
		{08F62483-B40E-4896-A0A9-2641417DAF27}.Development Editor|Win32.ActiveCfg = Invalid|Win32
		{08F62483-B40E-4896-A0A9-2641417DAF27}.Development Editor|Win64.ActiveCfg = Development_Editor|x64
		{08F62483-B40E-4896-A0A9-2641417DAF27}.Development Editor|Win64.Build.0 = Development_Editor|x64
		{08F62483-B40E-4896-A0A9-2641417DAF27}.Development|HTML5.ActiveCfg = HTML5_Development|Win32
		{08F62483-B40E-4896-A0A9-2641417DAF27}.Development|HTML5.Build.0 = HTML5_Development|Win32
		{08F62483-B40E-4896-A0A9-2641417DAF27}.Development|Win32.ActiveCfg = Development|Win32
		{08F62483-B40E-4896-A0A9-2641417DAF27}.Development|Win32.Build.0 = Development|Win32
		{08F62483-B40E-4896-A0A9-2641417DAF27}.Development|Win64.ActiveCfg = Development|x64
		{08F62483-B40E-4896-A0A9-2641417DAF27}.Development|Win64.Build.0 = Development|x64
		{08F62483-B40E-4896-A0A9-2641417DAF27}.Shipping|HTML5.ActiveCfg = HTML5_Shipping|Win32
		{08F62483-B40E-4896-A0A9-2641417DAF27}.Shipping|HTML5.Build.0 = HTML5_Shipping|Win32
		{08F62483-B40E-4896-A0A9-2641417DAF27}.Shipping|Win32.ActiveCfg = Shipping|Win32
		{08F62483-B40E-4896-A0A9-2641417DAF27}.Shipping|Win32.Build.0 = Shipping|Win32
		{08F62483-B40E-4896-A0A9-2641417DAF27}.Shipping|Win64.ActiveCfg = Shipping|x64
		{08F62483-B40E-4896-A0A9-2641417DAF27}.Shipping|Win64.Build.0 = Shipping|x64
	EndGlobalSection
	GlobalSection(SolutionProperties) = preSolution
		HideSolutionNode = FALSE
	EndGlobalSection
	GlobalSection(NestedProjects) = preSolution
		{8E6871B5-E23F-425A-BC2B-9A699DA2751A} = {703B14A6-3675-419E-A426-7CC17B0F41F2}
		{08F62483-B40E-4896-A0A9-2641417DAF27} = {8AE0E460-B0B2-48DF-94BE-2E8D7D914535}
	EndGlobalSection
EndGlobal
